// !$*UTF8*$!
{
	archiveVersion = 1;
	classes = {
	};
	objectVersion = 54;
	objects = {

/* Begin PBXBuildFile section */
		749A973529A8BAA3003FABE6 /* __PhonebookApp.swift in Sources */ = {isa = PBXBuildFile; fileRef = 749A973429A8BAA3003FABE6 /* __PhonebookApp.swift */; };
		749A973729A8BAA3003FABE6 /* PhonebookView.swift in Sources */ = {isa = PBXBuildFile; fileRef = 749A973629A8BAA3003FABE6 /* PhonebookView.swift */; };
		749A973929A8BAA4003FABE6 /* Assets.xcassets in Resources */ = {isa = PBXBuildFile; fileRef = 749A973829A8BAA4003FABE6 /* Assets.xcassets */; };
		749A973C29A8BAA4003FABE6 /* Preview Assets.xcassets in Resources */ = {isa = PBXBuildFile; fileRef = 749A973B29A8BAA4003FABE6 /* Preview Assets.xcassets */; };
		749A974329A8BAC2003FABE6 /* Contacts.swift in Sources */ = {isa = PBXBuildFile; fileRef = 749A974229A8BAC2003FABE6 /* Contacts.swift */; };
		749A974529A8BACD003FABE6 /* Contact.swift in Sources */ = {isa = PBXBuildFile; fileRef = 749A974429A8BACD003FABE6 /* Contact.swift */; };
		749A974729A8BADF003FABE6 /* ContactRowView.swift in Sources */ = {isa = PBXBuildFile; fileRef = 749A974629A8BADF003FABE6 /* ContactRowView.swift */; };
		749A974929A8BAEB003FABE6 /* ContactDetailView.swift in Sources */ = {isa = PBXBuildFile; fileRef = 749A974829A8BAEB003FABE6 /* ContactDetailView.swift */; };
		749A974B29A8C835003FABE6 /* ContactAddView.swift in Sources */ = {isa = PBXBuildFile; fileRef = 749A974A29A8C835003FABE6 /* ContactAddView.swift */; };
/* End PBXBuildFile section */

/* Begin PBXFileReference section */
		749A973129A8BAA3003FABE6 /* 8_Phonebook.app */ = {isa = PBXFileReference; explicitFileType = wrapper.application; includeInIndex = 0; path = 8_Phonebook.app; sourceTree = BUILT_PRODUCTS_DIR; };
		749A973429A8BAA3003FABE6 /* __PhonebookApp.swift */ = {isa = PBXFileReference; lastKnownFileType = sourcecode.swift; path = __PhonebookApp.swift; sourceTree = "<group>"; };
		749A973629A8BAA3003FABE6 /* PhonebookView.swift */ = {isa = PBXFileReference; lastKnownFileType = sourcecode.swift; path = PhonebookView.swift; sourceTree = "<group>"; };
		749A973829A8BAA4003FABE6 /* Assets.xcassets */ = {isa = PBXFileReference; lastKnownFileType = folder.assetcatalog; path = Assets.xcassets; sourceTree = "<group>"; };
		749A973B29A8BAA4003FABE6 /* Preview Assets.xcassets */ = {isa = PBXFileReference; lastKnownFileType = folder.assetcatalog; path = "Preview Assets.xcassets"; sourceTree = "<group>"; };
		749A974229A8BAC2003FABE6 /* Contacts.swift */ = {isa = PBXFileReference; lastKnownFileType = sourcecode.swift; path = Contacts.swift; sourceTree = "<group>"; };
		749A974429A8BACD003FABE6 /* Contact.swift */ = {isa = PBXFileReference; lastKnownFileType = sourcecode.swift; path = Contact.swift; sourceTree = "<group>"; };
		749A974629A8BADF003FABE6 /* ContactRowView.swift */ = {isa = PBXFileReference; lastKnownFileType = sourcecode.swift; path = ContactRowView.swift; sourceTree = "<group>"; };
		749A974829A8BAEB003FABE6 /* ContactDetailView.swift */ = {isa = PBXFileReference; lastKnownFileType = sourcecode.swift; path = ContactDetailView.swift; sourceTree = "<group>"; };
		749A974A29A8C835003FABE6 /* ContactAddView.swift */ = {isa = PBXFileReference; lastKnownFileType = sourcecode.swift; path = ContactAddView.swift; sourceTree = "<group>"; };
/* End PBXFileReference section */

/* Begin PBXFrameworksBuildPhase section */
		749A972E29A8BAA3003FABE6 /* Frameworks */ = {
			isa = PBXFrameworksBuildPhase;
			buildActionMask = 2147483647;
			files = (
			);
			runOnlyForDeploymentPostprocessing = 0;
		};
/* End PBXFrameworksBuildPhase section */

/* Begin PBXGroup section */
		749A972829A8BAA3003FABE6 = {
			isa = PBXGroup;
			children = (
				749A973329A8BAA3003FABE6 /* 8_Phonebook */,
				749A973229A8BAA3003FABE6 /* Products */,
			);
			sourceTree = "<group>";
		};
		749A973229A8BAA3003FABE6 /* Products */ = {
			isa = PBXGroup;
			children = (
				749A973129A8BAA3003FABE6 /* 8_Phonebook.app */,
			);
			name = Products;
			sourceTree = "<group>";
		};
		749A973329A8BAA3003FABE6 /* 8_Phonebook */ = {
			isa = PBXGroup;
			children = (
				749A973429A8BAA3003FABE6 /* __PhonebookApp.swift */,
				749A973629A8BAA3003FABE6 /* PhonebookView.swift */,
				749A974A29A8C835003FABE6 /* ContactAddView.swift */,
				749A974229A8BAC2003FABE6 /* Contacts.swift */,
				749A974429A8BACD003FABE6 /* Contact.swift */,
				749A974629A8BADF003FABE6 /* ContactRowView.swift */,
				749A974829A8BAEB003FABE6 /* ContactDetailView.swift */,
				749A973829A8BAA4003FABE6 /* Assets.xcassets */,
				749A973A29A8BAA4003FABE6 /* Preview Content */,
			);
			path = 8_Phonebook;
			sourceTree = "<group>";
		};
		749A973A29A8BAA4003FABE6 /* Preview Content */ = {
			isa = PBXGroup;
			children = (
				749A973B29A8BAA4003FABE6 /* Preview Assets.xcassets */,
			);
			path = "Preview Content";
			sourceTree = "<group>";
		};
/* End PBXGroup section */

/* Begin PBXNativeTarget section */
		749A973029A8BAA3003FABE6 /* 8_Phonebook */ = {
			isa = PBXNativeTarget;
			buildConfigurationList = 749A973F29A8BAA4003FABE6 /* Build configuration list for PBXNativeTarget "8_Phonebook" */;
			buildPhases = (
				749A972D29A8BAA3003FABE6 /* Sources */,
				749A972E29A8BAA3003FABE6 /* Frameworks */,
				749A972F29A8BAA3003FABE6 /* Resources */,
			);
			buildRules = (
			);
			dependencies = (
			);
			name = 8_Phonebook;
			productName = 8_Phonebook;
			productReference = 749A973129A8BAA3003FABE6 /* 8_Phonebook.app */;
			productType = "com.apple.product-type.application";
		};
/* End PBXNativeTarget section */

/* Begin PBXProject section */
		749A972929A8BAA3003FABE6 /* Project object */ = {
			isa = PBXProject;
			attributes = {
				BuildIndependentTargetsInParallel = 1;
				LastSwiftUpdateCheck = 1420;
				LastUpgradeCheck = 1420;
				TargetAttributes = {
					749A973029A8BAA3003FABE6 = {
						CreatedOnToolsVersion = 14.2;
					};
				};
			};
			buildConfigurationList = 749A972C29A8BAA3003FABE6 /* Build configuration list for PBXProject "8_Phonebook" */;
			compatibilityVersion = "Xcode 12.0";
			developmentRegion = en;
			hasScannedForEncodings = 0;
			knownRegions = (
				en,
				Base,
			);
			mainGroup = 749A972829A8BAA3003FABE6;
			productRefGroup = 749A973229A8BAA3003FABE6 /* Products */;
			projectDirPath = "";
			projectRoot = "";
			targets = (
				749A973029A8BAA3003FABE6 /* 8_Phonebook */,
			);
		};
/* End PBXProject section */

/* Begin PBXResourcesBuildPhase section */
		749A972F29A8BAA3003FABE6 /* Resources */ = {
			isa = PBXResourcesBuildPhase;
			buildActionMask = 2147483647;
			files = (
				749A973C29A8BAA4003FABE6 /* Preview Assets.xcassets in Resources */,
				749A973929A8BAA4003FABE6 /* Assets.xcassets in Resources */,
			);
			runOnlyForDeploymentPostprocessing = 0;
		};
/* End PBXResourcesBuildPhase section */

/* Begin PBXSourcesBuildPhase section */
		749A972D29A8BAA3003FABE6 /* Sources */ = {
			isa = PBXSourcesBuildPhase;
			buildActionMask = 2147483647;
			files = (
				749A974929A8BAEB003FABE6 /* ContactDetailView.swift in Sources */,
				749A974529A8BACD003FABE6 /* Contact.swift in Sources */,
				749A973729A8BAA3003FABE6 /* PhonebookView.swift in Sources */,
				749A973529A8BAA3003FABE6 /* __PhonebookApp.swift in Sources */,
				749A974329A8BAC2003FABE6 /* Contacts.swift in Sources */,
				749A974B29A8C835003FABE6 /* ContactAddView.swift in Sources */,
				749A974729A8BADF003FABE6 /* ContactRowView.swift in Sources */,
			);
			runOnlyForDeploymentPostprocessing = 0;
		};
/* End PBXSourcesBuildPhase section */

/* Begin XCBuildConfiguration section */
		749A973D29A8BAA4003FABE6 /* Debug */ = {
			isa = XCBuildConfiguration;
			buildSettings = {
				ALWAYS_SEARCH_USER_PATHS = NO;
				CLANG_ANALYZER_NONNULL = YES;
				CLANG_ANALYZER_NUMBER_OBJECT_CONVERSION = YES_AGGRESSIVE;
				CLANG_CXX_LANGUAGE_STANDARD = "gnu++20";
				CLANG_ENABLE_MODULES = YES;
				CLANG_ENABLE_OBJC_ARC = YES;
				CLANG_ENABLE_OBJC_WEAK = YES;
				CLANG_WARN_BLOCK_CAPTURE_AUTORELEASING = YES;
				CLANG_WARN_BOOL_CONVERSION = YES;
				CLANG_WARN_COMMA = YES;
				CLANG_WARN_CONSTANT_CONVERSION = YES;
				CLANG_WARN_DEPRECATED_OBJC_IMPLEMENTATIONS = YES;
				CLANG_WARN_DIRECT_OBJC_ISA_USAGE = YES_ERROR;
				CLANG_WARN_DOCUMENTATION_COMMENTS = YES;
				CLANG_WARN_EMPTY_BODY = YES;
				CLANG_WARN_ENUM_CONVERSION = YES;
				CLANG_WARN_INFINITE_RECURSION = YES;
				CLANG_WARN_INT_CONVERSION = YES;
				CLANG_WARN_NON_LITERAL_NULL_CONVERSION = YES;
				CLANG_WARN_OBJC_IMPLICIT_RETAIN_SELF = YES;
				CLANG_WARN_OBJC_LITERAL_CONVERSION = YES;
				CLANG_WARN_OBJC_ROOT_CLASS = YES_ERROR;
				CLANG_WARN_QUOTED_INCLUDE_IN_FRAMEWORK_HEADER = YES;
				CLANG_WARN_RANGE_LOOP_ANALYSIS = YES;
				CLANG_WARN_STRICT_PROTOTYPES = YES;
				CLANG_WARN_SUSPICIOUS_MOVE = YES;
				CLANG_WARN_UNGUARDED_AVAILABILITY = YES_AGGRESSIVE;
				CLANG_WARN_UNREACHABLE_CODE = YES;
				CLANG_WARN__DUPLICATE_METHOD_MATCH = YES;
				COPY_PHASE_STRIP = NO;
				DEBUG_INFORMATION_FORMAT = dwarf;
				ENABLE_STRICT_OBJC_MSGSEND = YES;
				ENABLE_TESTABILITY = YES;
				GCC_C_LANGUAGE_STANDARD = gnu11;
				GCC_DYNAMIC_NO_PIC = NO;
				GCC_NO_COMMON_BLOCKS = YES;
				GCC_OPTIMIZATION_LEVEL = 0;
				GCC_PREPROCESSOR_DEFINITIONS = (
					"DEBUG=1",
					"$(inherited)",
				);
				GCC_WARN_64_TO_32_BIT_CONVERSION = YES;
				GCC_WARN_ABOUT_RETURN_TYPE = YES_ERROR;
				GCC_WARN_UNDECLARED_SELECTOR = YES;
				GCC_WARN_UNINITIALIZED_AUTOS = YES_AGGRESSIVE;
				GCC_WARN_UNUSED_FUNCTION = YES;
				GCC_WARN_UNUSED_VARIABLE = YES;
				IPHONEOS_DEPLOYMENT_TARGET = 16.2;
				MTL_ENABLE_DEBUG_INFO = INCLUDE_SOURCE;
				MTL_FAST_MATH = YES;
				ONLY_ACTIVE_ARCH = YES;
				SDKROOT = iphoneos;
				SWIFT_ACTIVE_COMPILATION_CONDITIONS = DEBUG;
				SWIFT_OPTIMIZATION_LEVEL = "-Onone";
			};
			name = Debug;
		};
		749A973E29A8BAA4003FABE6 /* Release */ = {
			isa = XCBuildConfiguration;
			buildSettings = {
				ALWAYS_SEARCH_USER_PATHS = NO;
				CLANG_ANALYZER_NONNULL = YES;
				CLANG_ANALYZER_NUMBER_OBJECT_CONVERSION = YES_AGGRESSIVE;
				CLANG_CXX_LANGUAGE_STANDARD = "gnu++20";
				CLANG_ENABLE_MODULES = YES;
				CLANG_ENABLE_OBJC_ARC = YES;
				CLANG_ENABLE_OBJC_WEAK = YES;
				CLANG_WARN_BLOCK_CAPTURE_AUTORELEASING = YES;
				CLANG_WARN_BOOL_CONVERSION = YES;
				CLANG_WARN_COMMA = YES;
				CLANG_WARN_CONSTANT_CONVERSION = YES;
				CLANG_WARN_DEPRECATED_OBJC_IMPLEMENTATIONS = YES;
				CLANG_WARN_DIRECT_OBJC_ISA_USAGE = YES_ERROR;
				CLANG_WARN_DOCUMENTATION_COMMENTS = YES;
				CLANG_WARN_EMPTY_BODY = YES;
				CLANG_WARN_ENUM_CONVERSION = YES;
				CLANG_WARN_INFINITE_RECURSION = YES;
				CLANG_WARN_INT_CONVERSION = YES;
				CLANG_WARN_NON_LITERAL_NULL_CONVERSION = YES;
				CLANG_WARN_OBJC_IMPLICIT_RETAIN_SELF = YES;
				CLANG_WARN_OBJC_LITERAL_CONVERSION = YES;
				CLANG_WARN_OBJC_ROOT_CLASS = YES_ERROR;
				CLANG_WARN_QUOTED_INCLUDE_IN_FRAMEWORK_HEADER = YES;
				CLANG_WARN_RANGE_LOOP_ANALYSIS = YES;
				CLANG_WARN_STRICT_PROTOTYPES = YES;
				CLANG_WARN_SUSPICIOUS_MOVE = YES;
				CLANG_WARN_UNGUARDED_AVAILABILITY = YES_AGGRESSIVE;
				CLANG_WARN_UNREACHABLE_CODE = YES;
				CLANG_WARN__DUPLICATE_METHOD_MATCH = YES;
				COPY_PHASE_STRIP = NO;
				DEBUG_INFORMATION_FORMAT = "dwarf-with-dsym";
				ENABLE_NS_ASSERTIONS = NO;
				ENABLE_STRICT_OBJC_MSGSEND = YES;
				GCC_C_LANGUAGE_STANDARD = gnu11;
				GCC_NO_COMMON_BLOCKS = YES;
				GCC_WARN_64_TO_32_BIT_CONVERSION = YES;
				GCC_WARN_ABOUT_RETURN_TYPE = YES_ERROR;
				GCC_WARN_UNDECLARED_SELECTOR = YES;
				GCC_WARN_UNINITIALIZED_AUTOS = YES_AGGRESSIVE;
				GCC_WARN_UNUSED_FUNCTION = YES;
				GCC_WARN_UNUSED_VARIABLE = YES;
				IPHONEOS_DEPLOYMENT_TARGET = 16.2;
				MTL_ENABLE_DEBUG_INFO = NO;
				MTL_FAST_MATH = YES;
				SDKROOT = iphoneos;
				SWIFT_COMPILATION_MODE = wholemodule;
				SWIFT_OPTIMIZATION_LEVEL = "-O";
				VALIDATE_PRODUCT = YES;
			};
			name = Release;
		};
		749A974029A8BAA4003FABE6 /* Debug */ = {
			isa = XCBuildConfiguration;
			buildSettings = {
				ASSETCATALOG_COMPILER_APPICON_NAME = AppIcon;
				ASSETCATALOG_COMPILER_GLOBAL_ACCENT_COLOR_NAME = AccentColor;
				CODE_SIGN_STYLE = Automatic;
				CURRENT_PROJECT_VERSION = 1;
				DEVELOPMENT_ASSET_PATHS = "\"8_Phonebook/Preview Content\"";
				ENABLE_PREVIEWS = YES;
				GENERATE_INFOPLIST_FILE = YES;
				INFOPLIST_KEY_UIApplicationSceneManifest_Generation = YES;
				INFOPLIST_KEY_UIApplicationSupportsIndirectInputEvents = YES;
				INFOPLIST_KEY_UILaunchScreen_Generation = YES;
				INFOPLIST_KEY_UISupportedInterfaceOrientations_iPad = "UIInterfaceOrientationPortrait UIInterfaceOrientationPortraitUpsideDown UIInterfaceOrientationLandscapeLeft UIInterfaceOrientationLandscapeRight";
				INFOPLIST_KEY_UISupportedInterfaceOrientations_iPhone = "UIInterfaceOrientationPortrait UIInterfaceOrientationLandscapeLeft UIInterfaceOrientationLandscapeRight";
				IPHONEOS_DEPLOYMENT_TARGET = 15.2;
				LD_RUNPATH_SEARCH_PATHS = (
					"$(inherited)",
					"@executable_path/Frameworks",
				);
				MARKETING_VERSION = 1.0;
				PRODUCT_BUNDLE_IDENTIFIER = "uk.ac.southwales.aking1.--Phonebook";
				PRODUCT_NAME = "$(TARGET_NAME)";
				SWIFT_EMIT_LOC_STRINGS = YES;
				SWIFT_VERSION = 5.0;
				TARGETED_DEVICE_FAMILY = "1,2";
			};
			name = Debug;
		};
		749A974129A8BAA4003FABE6 /* Release */ = {
			isa = XCBuildConfiguration;
			buildSettings = {
				ASSETCATALOG_COMPILER_APPICON_NAME = AppIcon;
				ASSETCATALOG_COMPILER_GLOBAL_ACCENT_COLOR_NAME = AccentColor;
				CODE_SIGN_STYLE = Automatic;
				CURRENT_PROJECT_VERSION = 1;
				DEVELOPMENT_ASSET_PATHS = "\"8_Phonebook/Preview Content\"";
				ENABLE_PREVIEWS = YES;
				GENERATE_INFOPLIST_FILE = YES;
				INFOPLIST_KEY_UIApplicationSceneManifest_Generation = YES;
				INFOPLIST_KEY_UIApplicationSupportsIndirectInputEvents = YES;
				INFOPLIST_KEY_UILaunchScreen_Generation = YES;
				INFOPLIST_KEY_UISupportedInterfaceOrientations_iPad = "UIInterfaceOrientationPortrait UIInterfaceOrientationPortraitUpsideDown UIInterfaceOrientationLandscapeLeft UIInterfaceOrientationLandscapeRight";
				INFOPLIST_KEY_UISupportedInterfaceOrientations_iPhone = "UIInterfaceOrientationPortrait UIInterfaceOrientationLandscapeLeft UIInterfaceOrientationLandscapeRight";
				IPHONEOS_DEPLOYMENT_TARGET = 15.2;
				LD_RUNPATH_SEARCH_PATHS = (
					"$(inherited)",
					"@executable_path/Frameworks",
				);
				MARKETING_VERSION = 1.0;
				PRODUCT_BUNDLE_IDENTIFIER = "uk.ac.southwales.aking1.--Phonebook";
				PRODUCT_NAME = "$(TARGET_NAME)";
				SWIFT_EMIT_LOC_STRINGS = YES;
				SWIFT_VERSION = 5.0;
				TARGETED_DEVICE_FAMILY = "1,2";
			};
			name = Release;
		};
/* End XCBuildConfiguration section */

/* Begin XCConfigurationList section */
		749A972C29A8BAA3003FABE6 /* Build configuration list for PBXProject "8_Phonebook" */ = {
			isa = XCConfigurationList;
			buildConfigurations = (
				749A973D29A8BAA4003FABE6 /* Debug */,
				749A973E29A8BAA4003FABE6 /* Release */,
			);
			defaultConfigurationIsVisible = 0;
			defaultConfigurationName = Release;
		};
		749A973F29A8BAA4003FABE6 /* Build configuration list for PBXNativeTarget "8_Phonebook" */ = {
			isa = XCConfigurationList;
			buildConfigurations = (
				749A974029A8BAA4003FABE6 /* Debug */,
				749A974129A8BAA4003FABE6 /* Release */,
			);
			defaultConfigurationIsVisible = 0;
			defaultConfigurationName = Release;
		};
/* End XCConfigurationList section */
	};
	rootObject = 749A972929A8BAA3003FABE6 /* Project object */;
}
